
Microsoft Visual Studio Solution File, Format Version 12.00
# Visual Studio Version 16
VisualStudioVersion = 16.0.31624.102
MinimumVisualStudioVersion = 10.0.40219.1
Project("{FAE04EC0-301F-11D3-BF4B-00C04F79EFBC}") = "ApiCatalogoJogos", "ApiCatalogoJogos\ApiCatalogoJogos.csproj", "{F8D7226B-D429-4A43-B6A7-16478EBD477E}"
EndProject
Global
	GlobalSection(SolutionConfigurationPlatforms) = preSolution
		Debug|Any CPU = Debug|Any CPU
		Release|Any CPU = Release|Any CPU
	EndGlobalSection
	GlobalSection(ProjectConfigurationPlatforms) = postSolution
		{F8D7226B-D429-4A43-B6A7-16478EBD477E}.Debug|Any CPU.ActiveCfg = Debug|Any CPU
		{F8D7226B-D429-4A43-B6A7-16478EBD477E}.Debug|Any CPU.Build.0 = Debug|Any CPU
		{F8D7226B-D429-4A43-B6A7-16478EBD477E}.Release|Any CPU.ActiveCfg = Release|Any CPU
		{F8D7226B-D429-4A43-B6A7-16478EBD477E}.Release|Any CPU.Build.0 = Release|Any CPU
	EndGlobalSection
	GlobalSection(SolutionProperties) = preSolution
		HideSolutionNode = FALSE
	EndGlobalSection
	GlobalSection(ExtensibilityGlobals) = postSolution
		SolutionGuid = {522E7F9A-34D5-49D1-BFDE-C06E26B91467}
	EndGlobalSection
EndGlobal
